<?xml version="1.0" encoding="utf-8"?>
<Project ToolsVersion="4.0" xmlns="http://schemas.microsoft.com/developer/msbuild/2003">
  <ItemGroup>
    <Filter Include="Source Files">
      <UniqueIdentifier>{4FC737F1-C7A5-4376-A066-2A32D752A2FF}</UniqueIdentifier>
      <Extensions>cpp;c;cc;cxx;c++;def;odl;idl;hpj;bat;asm;asmx</Extensions>
    </Filter>
    <Filter Include="Header Files">
      <UniqueIdentifier>{93995380-89BD-4b04-88EB-625FBE52EBFB}</UniqueIdentifier>
      <Extensions>h;hh;hpp;hxx;h++;hm;inl;inc;ipp;xsd</Extensions>
    </Filter>
    <Filter Include="Resource Files">
      <UniqueIdentifier>{67DA6AB6-F800-4c08-8B7A-83BB121AAD01}</UniqueIdentifier>
      <Extensions>rc;ico;cur;bmp;dlg;rc2;rct;bin;rgs;gif;jpg;jpeg;jpe;resx;tiff;tif;png;wav;mfcribbon-ms</Extensions>
    </Filter>
  </ItemGroup>
  <ItemGroup>
    <ClCompile Include="BaseLineSystemFX.cpp">
      <Filter>Source Files</Filter>
    </ClCompile>
    <ClCompile Include="BaseParticleSystemFX.cpp">
      <Filter>Source Files</Filter>
    </ClCompile>
    <ClCompile Include="BloodClientShell.cpp">
      <Filter>Source Files</Filter>
    </ClCompile>
    <ClCompile Include="BloodSplatFX.cpp">
      <Filter>Source Files</Filter>
    </ClCompile>
    <ClCompile Include="BloodTrailFX.cpp">
      <Filter>Source Files</Filter>
    </ClCompile>
    <ClCompile Include="BloodTrailSegmentFX.cpp">
      <Filter>Source Files</Filter>
    </ClCompile>
    <ClCompile Include="CastLineFX.cpp">
      <Filter>Source Files</Filter>
    </ClCompile>
    <ClCompile Include="client_physics.cpp">
      <Filter>Source Files</Filter>
    </ClCompile>
    <ClCompile Include="ClientUtilities.cpp">
      <Filter>Source Files</Filter>
    </ClCompile>
    <ClCompile Include="CommLink.cpp">
      <Filter>Source Files</Filter>
    </ClCompile>
    <ClCompile Include="ConfigMgr.cpp">
      <Filter>Source Files</Filter>
    </ClCompile>
    <ClCompile Include="Credits.cpp">
      <Filter>Source Files</Filter>
    </ClCompile>
    <ClCompile Include="CreditsWin.cpp">
      <Filter>Source Files</Filter>
    </ClCompile>
    <ClCompile Include="debugline.cpp">
      <Filter>Source Files</Filter>
    </ClCompile>
    <ClCompile Include="ExplosionFX.cpp">
      <Filter>Source Files</Filter>
    </ClCompile>
    <ClCompile Include="FlashlightFX.cpp">
      <Filter>Source Files</Filter>
    </ClCompile>
    <ClCompile Include="FragInfo.cpp">
      <Filter>Source Files</Filter>
    </ClCompile>
    <ClCompile Include="GameStates.cpp">
      <Filter>Source Files</Filter>
    </ClCompile>
    <ClCompile Include="GameWeapons.cpp">
      <Filter>Source Files</Filter>
    </ClCompile>
    <ClCompile Include="gibfx.cpp">
      <Filter>Source Files</Filter>
    </ClCompile>
    <ClCompile Include="IKChainFX.cpp">
      <Filter>Source Files</Filter>
    </ClCompile>
    <ClCompile Include="IpMgr.cpp">
      <Filter>Source Files</Filter>
    </ClCompile>
    <ClCompile Include="KeyFixes.cpp">
      <Filter>Source Files</Filter>
    </ClCompile>
    <ClCompile Include="LaserBeamFX.cpp">
      <Filter>Source Files</Filter>
    </ClCompile>
    <ClCompile Include="LaserFX.cpp">
      <Filter>Source Files</Filter>
    </ClCompile>
    <ClCompile Include="LightFX.cpp">
      <Filter>Source Files</Filter>
    </ClCompile>
    <ClCompile Include="LightningFX.cpp">
      <Filter>Source Files</Filter>
    </ClCompile>
    <ClCompile Include="LightningSegmentFX.cpp">
      <Filter>Source Files</Filter>
    </ClCompile>
    <ClCompile Include="LoadSave.cpp">
      <Filter>Source Files</Filter>
    </ClCompile>
    <ClCompile Include="LoadScreenData.cpp">
      <Filter>Source Files</Filter>
    </ClCompile>
    <ClCompile Include="MainMenus.cpp">
      <Filter>Source Files</Filter>
    </ClCompile>
    <ClCompile Include="MarkSFX.cpp">
      <Filter>Source Files</Filter>
    </ClCompile>
    <ClCompile Include="MenuBase.cpp">
      <Filter>Source Files</Filter>
    </ClCompile>
    <ClCompile Include="MenuBloodBath.cpp">
      <Filter>Source Files</Filter>
    </ClCompile>
    <ClCompile Include="MenuCharacter.cpp">
      <Filter>Source Files</Filter>
    </ClCompile>
    <ClCompile Include="MenuCharacterFiles.cpp">
      <Filter>Source Files</Filter>
    </ClCompile>
    <ClCompile Include="MenuCharacterSelect.cpp">
      <Filter>Source Files</Filter>
    </ClCompile>
    <ClCompile Include="MenuControls.cpp">
      <Filter>Source Files</Filter>
    </ClCompile>
    <ClCompile Include="MenuCustomLevel.cpp">
      <Filter>Source Files</Filter>
    </ClCompile>
    <ClCompile Include="MenuDifficulty.cpp">
      <Filter>Source Files</Filter>
    </ClCompile>
    <ClCompile Include="MenuDisplay.cpp">
      <Filter>Source Files</Filter>
    </ClCompile>
    <ClCompile Include="MenuJoystick.cpp">
      <Filter>Source Files</Filter>
    </ClCompile>
    <ClCompile Include="MenuJoystickAxis.cpp">
      <Filter>Source Files</Filter>
    </ClCompile>
    <ClCompile Include="MenuKeyboard.cpp">
      <Filter>Source Files</Filter>
    </ClCompile>
    <ClCompile Include="MenuLoadGame.cpp">
      <Filter>Source Files</Filter>
    </ClCompile>
    <ClCompile Include="MenuMain.cpp">
      <Filter>Source Files</Filter>
    </ClCompile>
    <ClCompile Include="MenuMouse.cpp">
      <Filter>Source Files</Filter>
    </ClCompile>
    <ClCompile Include="MenuOptions.cpp">
      <Filter>Source Files</Filter>
    </ClCompile>
    <ClCompile Include="MenuSaveGame.cpp">
      <Filter>Source Files</Filter>
    </ClCompile>
    <ClCompile Include="MenuSinglePlayer.cpp">
      <Filter>Source Files</Filter>
    </ClCompile>
    <ClCompile Include="MenuSound.cpp">
      <Filter>Source Files</Filter>
    </ClCompile>
    <ClCompile Include="MessageBoxHandler.cpp">
      <Filter>Source Files</Filter>
    </ClCompile>
    <ClCompile Include="MessageMgr.cpp">
      <Filter>Source Files</Filter>
    </ClCompile>
    <ClCompile Include="MoveMgr.cpp">
      <Filter>Source Files</Filter>
    </ClCompile>
    <ClCompile Include="Music.cpp">
      <Filter>Source Files</Filter>
    </ClCompile>
    <ClCompile Include="NetInfo.cpp">
      <Filter>Source Files</Filter>
    </ClCompile>
    <ClCompile Include="NetStart.cpp">
      <Filter>Source Files</Filter>
    </ClCompile>
    <ClCompile Include="NewStatusBar.cpp">
      <Filter>Source Files</Filter>
    </ClCompile>
    <ClCompile Include="ObjectFX.cpp">
      <Filter>Source Files</Filter>
    </ClCompile>
    <ClCompile Include="ParticleExplosionFX.cpp">
      <Filter>Source Files</Filter>
    </ClCompile>
    <ClCompile Include="ParticleStreamFX.cpp">
      <Filter>Source Files</Filter>
    </ClCompile>
    <ClCompile Include="ParticleSystemFX.cpp">
      <Filter>Source Files</Filter>
    </ClCompile>
    <ClCompile Include="PickupObjectFX.cpp">
      <Filter>Source Files</Filter>
    </ClCompile>
    <ClCompile Include="plasma1.cpp">
      <Filter>Source Files</Filter>
    </ClCompile>
    <ClCompile Include="PlayerCamera.cpp">
      <Filter>Source Files</Filter>
    </ClCompile>
    <ClCompile Include="PolyGridFX.cpp">
      <Filter>Source Files</Filter>
    </ClCompile>
    <ClCompile Include="RainFX.cpp">
      <Filter>Source Files</Filter>
    </ClCompile>
    <ClCompile Include="RippleFX.cpp">
      <Filter>Source Files</Filter>
    </ClCompile>
    <ClCompile Include="SFXMgr.cpp">
      <Filter>Source Files</Filter>
    </ClCompile>
    <ClCompile Include="SharedResourceMgr.cpp">
      <Filter>Source Files</Filter>
    </ClCompile>
    <ClCompile Include="ShellCasingFX.cpp">
      <Filter>Source Files</Filter>
    </ClCompile>
    <ClCompile Include="SmokeFX.cpp">
      <Filter>Source Files</Filter>
    </ClCompile>
    <ClCompile Include="SmokeImpactFX.cpp">
      <Filter>Source Files</Filter>
    </ClCompile>
    <ClCompile Include="SmokePuffFX.cpp">
      <Filter>Source Files</Filter>
    </ClCompile>
    <ClCompile Include="SmokeTrailFX.cpp">
      <Filter>Source Files</Filter>
    </ClCompile>
    <ClCompile Include="SmokeTrailSegmentFX.cpp">
      <Filter>Source Files</Filter>
    </ClCompile>
    <ClCompile Include="Sparam.cpp">
      <Filter>Source Files</Filter>
    </ClCompile>
    <ClCompile Include="SparksFX.cpp">
      <Filter>Source Files</Filter>
    </ClCompile>
    <ClCompile Include="SpecialFXList.cpp">
      <Filter>Source Files</Filter>
    </ClCompile>
    <ClCompile Include="Splash.cpp">
      <Filter>Source Files</Filter>
    </ClCompile>
    <ClCompile Include="SplashFX.cpp">
      <Filter>Source Files</Filter>
    </ClCompile>
    <ClCompile Include="SurfaceFragmentFX.cpp">
      <Filter>Source Files</Filter>
    </ClCompile>
    <ClCompile Include="TheVoice.cpp">
      <Filter>Source Files</Filter>
    </ClCompile>
    <ClCompile Include="TracerFX.cpp">
      <Filter>Source Files</Filter>
    </ClCompile>
    <ClCompile Include="TripLaserFX.cpp">
      <Filter>Source Files</Filter>
    </ClCompile>
    <ClCompile Include="viewcreature.cpp">
      <Filter>Source Files</Filter>
    </ClCompile>
    <ClCompile Include="ViewWeapon.cpp">
      <Filter>Source Files</Filter>
    </ClCompile>
    <ClCompile Include="VoiceMgr.cpp">
      <Filter>Source Files</Filter>
    </ClCompile>
    <ClCompile Include="WarpGateFX.cpp">
      <Filter>Source Files</Filter>
    </ClCompile>
    <ClCompile Include="WeaponFX.cpp">
      <Filter>Source Files</Filter>
    </ClCompile>
    <ClCompile Include="WeaponPowerupFX.cpp">
      <Filter>Source Files</Filter>
    </ClCompile>
    <ClCompile Include="WinUtil.cpp">
      <Filter>Source Files</Filter>
    </ClCompile>
    <ClCompile Include="..\Shared\TeamMgr.cpp">
      <Filter>Source Files</Filter>
    </ClCompile>
    <ClCompile Include="..\Shared\WeaponDefs.cpp">
      <Filter>Source Files</Filter>
    </ClCompile>
  </ItemGroup>
  <ItemGroup>
    <ClInclude Include="BaseLineSystemFX.h">
      <Filter>Header Files</Filter>
    </ClInclude>
    <ClInclude Include="BaseParticleSystemFX.h">
      <Filter>Header Files</Filter>
    </ClInclude>
    <ClInclude Include="BloodClientShell.h">
      <Filter>Header Files</Filter>
    </ClInclude>
    <ClInclude Include="BloodSplatFX.h">
      <Filter>Header Files</Filter>
    </ClInclude>
    <ClInclude Include="BloodTrailFX.h">
      <Filter>Header Files</Filter>
    </ClInclude>
    <ClInclude Include="BloodTrailSegmentFX.h">
      <Filter>Header Files</Filter>
    </ClInclude>
    <ClInclude Include="BulletImpactSFX.h">
      <Filter>Header Files</Filter>
    </ClInclude>
    <ClInclude Include="CameraFX.h">
      <Filter>Header Files</Filter>
    </ClInclude>
    <ClInclude Include="CastLineFX.h">
      <Filter>Header Files</Filter>
    </ClInclude>
    <ClInclude Include="client_physics.h">
      <Filter>Header Files</Filter>
    </ClInclude>
    <ClInclude Include="ClientUtilities.h">
      <Filter>Header Files</Filter>
    </ClInclude>
    <ClInclude Include="CommLink.h">
      <Filter>Header Files</Filter>
    </ClInclude>
    <ClInclude Include="ConfigMgr.h">
      <Filter>Header Files</Filter>
    </ClInclude>
    <ClInclude Include="Credits.h">
      <Filter>Header Files</Filter>
    </ClInclude>
    <ClInclude Include="CreditsWin.h">
      <Filter>Header Files</Filter>
    </ClInclude>
    <ClInclude Include="debugline.h">
      <Filter>Header Files</Filter>
    </ClInclude>
    <ClInclude Include="ExplosionFX.h">
      <Filter>Header Files</Filter>
    </ClInclude>
    <ClInclude Include="FlashlightFX.h">
      <Filter>Header Files</Filter>
    </ClInclude>
    <ClInclude Include="FragInfo.h">
      <Filter>Header Files</Filter>
    </ClInclude>
    <ClInclude Include="GameWeapons.h">
      <Filter>Header Files</Filter>
    </ClInclude>
    <ClInclude Include="GibFX.h">
      <Filter>Header Files</Filter>
    </ClInclude>
    <ClInclude Include="IKChainFX.h">
      <Filter>Header Files</Filter>
    </ClInclude>
    <ClInclude Include="IpMgr.h">
      <Filter>Header Files</Filter>
    </ClInclude>
    <ClInclude Include="KeyFixes.h">
      <Filter>Header Files</Filter>
    </ClInclude>
    <ClInclude Include="LaserBeamFX.h">
      <Filter>Header Files</Filter>
    </ClInclude>
    <ClInclude Include="LaserFX.h">
      <Filter>Header Files</Filter>
    </ClInclude>
    <ClInclude Include="LightFX.h">
      <Filter>Header Files</Filter>
    </ClInclude>
    <ClInclude Include="LightningFX.h">
      <Filter>Header Files</Filter>
    </ClInclude>
    <ClInclude Include="LightningSegmentFX.h">
      <Filter>Header Files</Filter>
    </ClInclude>
    <ClInclude Include="LoadSave.h">
      <Filter>Header Files</Filter>
    </ClInclude>
    <ClInclude Include="LoadScreenData.h">
      <Filter>Header Files</Filter>
    </ClInclude>
    <ClInclude Include="MainMenus.h">
      <Filter>Header Files</Filter>
    </ClInclude>
    <ClInclude Include="MarkSFX.h">
      <Filter>Header Files</Filter>
    </ClInclude>
    <ClInclude Include="Menu.h">
      <Filter>Header Files</Filter>
    </ClInclude>
    <ClInclude Include="MenuBase.h">
      <Filter>Header Files</Filter>
    </ClInclude>
    <ClInclude Include="MenuBloodBath.h">
      <Filter>Header Files</Filter>
    </ClInclude>
    <ClInclude Include="MenuCharacter.h">
      <Filter>Header Files</Filter>
    </ClInclude>
    <ClInclude Include="MenuCharacterFiles.h">
      <Filter>Header Files</Filter>
    </ClInclude>
    <ClInclude Include="MenuCharacterSelect.h">
      <Filter>Header Files</Filter>
    </ClInclude>
    <ClInclude Include="MenuCommands.h">
      <Filter>Header Files</Filter>
    </ClInclude>
    <ClInclude Include="MenuControls.h">
      <Filter>Header Files</Filter>
    </ClInclude>
    <ClInclude Include="MenuCustomLevel.h">
      <Filter>Header Files</Filter>
    </ClInclude>
    <ClInclude Include="MenuDifficulty.h">
      <Filter>Header Files</Filter>
    </ClInclude>
    <ClInclude Include="MenuDisplay.h">
      <Filter>Header Files</Filter>
    </ClInclude>
    <ClInclude Include="MenuJoystick.h">
      <Filter>Header Files</Filter>
    </ClInclude>
    <ClInclude Include="MenuJoystickAxis.h">
      <Filter>Header Files</Filter>
    </ClInclude>
    <ClInclude Include="MenuKeyboard.h">
      <Filter>Header Files</Filter>
    </ClInclude>
    <ClInclude Include="MenuLoadGame.h">
      <Filter>Header Files</Filter>
    </ClInclude>
    <ClInclude Include="MenuMain.h">
      <Filter>Header Files</Filter>
    </ClInclude>
    <ClInclude Include="MenuMouse.h">
      <Filter>Header Files</Filter>
    </ClInclude>
    <ClInclude Include="MenuOptions.h">
      <Filter>Header Files</Filter>
    </ClInclude>
    <ClInclude Include="MenuSaveGame.h">
      <Filter>Header Files</Filter>
    </ClInclude>
    <ClInclude Include="MenuSinglePlayer.h">
      <Filter>Header Files</Filter>
    </ClInclude>
    <ClInclude Include="MenuSound.h">
      <Filter>Header Files</Filter>
    </ClInclude>
    <ClInclude Include="MessageBoxHandler.h">
      <Filter>Header Files</Filter>
    </ClInclude>
    <ClInclude Include="MessageMgr.h">
      <Filter>Header Files</Filter>
    </ClInclude>
    <ClInclude Include="MoveMgr.h">
      <Filter>Header Files</Filter>
    </ClInclude>
    <ClInclude Include="Music.h">
      <Filter>Header Files</Filter>
    </ClInclude>
    <ClInclude Include="NetInfo.h">
      <Filter>Header Files</Filter>
    </ClInclude>
    <ClInclude Include="NetStart.h">
      <Filter>Header Files</Filter>
    </ClInclude>
    <ClInclude Include="NewStatusBar.h">
      <Filter>Header Files</Filter>
    </ClInclude>
    <ClInclude Include="ObjectFX.h">
      <Filter>Header Files</Filter>
    </ClInclude>
    <ClInclude Include="ParticleExplosionFX.h">
      <Filter>Header Files</Filter>
    </ClInclude>
    <ClInclude Include="ParticleStreamFX.h">
      <Filter>Header Files</Filter>
    </ClInclude>
    <ClInclude Include="ParticleSystemFX.h">
      <Filter>Header Files</Filter>
    </ClInclude>
    <ClInclude Include="PickupObjectFX.h">
      <Filter>Header Files</Filter>
    </ClInclude>
    <ClInclude Include="plasma.h">
      <Filter>Header Files</Filter>
    </ClInclude>
    <ClInclude Include="PlayerCamera.h">
      <Filter>Header Files</Filter>
    </ClInclude>
    <ClInclude Include="PolyGridFX.h">
      <Filter>Header Files</Filter>
    </ClInclude>
    <ClInclude Include="RainFX.h">
      <Filter>Header Files</Filter>
    </ClInclude>
    <ClInclude Include="resource.h">
      <Filter>Header Files</Filter>
    </ClInclude>
    <ClInclude Include="RippleFX.h">
      <Filter>Header Files</Filter>
    </ClInclude>
    <ClInclude Include="SFXMgr.h">
      <Filter>Header Files</Filter>
    </ClInclude>
    <ClInclude Include="SharedResourceMgr.h">
      <Filter>Header Files</Filter>
    </ClInclude>
    <ClInclude Include="ShellCasingFX.h">
      <Filter>Header Files</Filter>
    </ClInclude>
    <ClInclude Include="SmokeFX.h">
      <Filter>Header Files</Filter>
    </ClInclude>
    <ClInclude Include="SmokeImpactFX.h">
      <Filter>Header Files</Filter>
    </ClInclude>
    <ClInclude Include="SmokePuffFX.h">
      <Filter>Header Files</Filter>
    </ClInclude>
    <ClInclude Include="SmokeTrailFX.h">
      <Filter>Header Files</Filter>
    </ClInclude>
    <ClInclude Include="SmokeTrailSegmentFX.h">
      <Filter>Header Files</Filter>
    </ClInclude>
    <ClInclude Include="Sparam.h">
      <Filter>Header Files</Filter>
    </ClInclude>
    <ClInclude Include="SparksFX.h">
      <Filter>Header Files</Filter>
    </ClInclude>
    <ClInclude Include="SpecialFX.h">
      <Filter>Header Files</Filter>
    </ClInclude>
    <ClInclude Include="SpecialFXList.h">
      <Filter>Header Files</Filter>
    </ClInclude>
    <ClInclude Include="Splash.h">
      <Filter>Header Files</Filter>
    </ClInclude>
    <ClInclude Include="SplashFX.h">
      <Filter>Header Files</Filter>
    </ClInclude>
    <ClInclude Include="stack.h">
      <Filter>Header Files</Filter>
    </ClInclude>
    <ClInclude Include="StatusBar.h">
      <Filter>Header Files</Filter>
    </ClInclude>
    <ClInclude Include="SurfaceFragmentFX.h">
      <Filter>Header Files</Filter>
    </ClInclude>
    <ClInclude Include="TheVoice.h">
      <Filter>Header Files</Filter>
    </ClInclude>
    <ClInclude Include="TracerFX.h">
      <Filter>Header Files</Filter>
    </ClInclude>
    <ClInclude Include="TripLaserFX.h">
      <Filter>Header Files</Filter>
    </ClInclude>
    <ClInclude Include="viewcreature.h">
      <Filter>Header Files</Filter>
    </ClInclude>
    <ClInclude Include="ViewWeapon.h">
      <Filter>Header Files</Filter>
    </ClInclude>
    <ClInclude Include="VKDefs.h">
      <Filter>Header Files</Filter>
    </ClInclude>
    <ClInclude Include="VoiceMgr.h">
      <Filter>Header Files</Filter>
    </ClInclude>
    <ClInclude Include="VolumeBrushFX.h">
      <Filter>Header Files</Filter>
    </ClInclude>
    <ClInclude Include="WarpGateFX.h">
      <Filter>Header Files</Filter>
    </ClInclude>
    <ClInclude Include="WeaponFX.h">
      <Filter>Header Files</Filter>
    </ClInclude>
    <ClInclude Include="WeaponPowerupFX.h">
      <Filter>Header Files</Filter>
    </ClInclude>
    <ClInclude Include="WinUtil.h">
      <Filter>Header Files</Filter>
    </ClInclude>
  </ItemGroup>
</Project>