<?xml version="1.0" encoding="utf-8"?>
<Project ToolsVersion="4.0" xmlns="http://schemas.microsoft.com/developer/msbuild/2003">
  <ItemGroup>
    <ClCompile Include="AI_Mgr.cpp">
      <Filter>AI</Filter>
    </ClCompile>
    <ClCompile Include="AI_Shared.CPP">
      <Filter>AI</Filter>
    </ClCompile>
    <ClCompile Include="AncientOne.cpp">
      <Filter>AI</Filter>
    </ClCompile>
    <ClCompile Include="AncientOneTentacle.cpp">
      <Filter>AI</Filter>
    </ClCompile>
    <ClCompile Include="behemoth.cpp">
      <Filter>AI</Filter>
    </ClCompile>
    <ClCompile Include="boneleech.cpp">
      <Filter>AI</Filter>
    </ClCompile>
    <ClCompile Include="CalebAI.cpp">
      <Filter>AI</Filter>
    </ClCompile>
    <ClCompile Include="ZealotAI.cpp">
      <Filter>AI</Filter>
    </ClCompile>
    <ClCompile Include="UndeadGideon.cpp">
      <Filter>AI</Filter>
    </ClCompile>
    <ClCompile Include="thief.cpp">
      <Filter>AI</Filter>
    </ClCompile>
    <ClCompile Include="TheHandAI.cpp">
      <Filter>AI</Filter>
    </ClCompile>
    <ClCompile Include="SoulDrudge.cpp">
      <Filter>AI</Filter>
    </ClCompile>
    <ClCompile Include="ShikariAI.cpp">
      <Filter>AI</Filter>
    </ClCompile>
    <ClCompile Include="prophet.cpp">
      <Filter>AI</Filter>
    </ClCompile>
    <ClCompile Include="OpheliaREV.cpp">
      <Filter>AI</Filter>
    </ClCompile>
    <ClCompile Include="OpheliaAI.cpp">
      <Filter>AI</Filter>
    </ClCompile>
    <ClCompile Include="nightmare.cpp">
      <Filter>AI</Filter>
    </ClCompile>
    <ClCompile Include="Naga.cpp">
      <Filter>AI</Filter>
    </ClCompile>
    <ClCompile Include="MadScientistAI.cpp">
      <Filter>AI</Filter>
    </ClCompile>
    <ClCompile Include="IshmaelREV.cpp">
      <Filter>AI</Filter>
    </ClCompile>
    <ClCompile Include="IshmaelAI.cpp">
      <Filter>AI</Filter>
    </ClCompile>
    <ClCompile Include="Gremlin.cpp">
      <Filter>AI</Filter>
    </ClCompile>
    <ClCompile Include="Gideon.cpp">
      <Filter>AI</Filter>
    </ClCompile>
    <ClCompile Include="GabriellaREV.cpp">
      <Filter>AI</Filter>
    </ClCompile>
    <ClCompile Include="GabriellaAI.cpp">
      <Filter>AI</Filter>
    </ClCompile>
    <ClCompile Include="Fanatic.cpp">
      <Filter>AI</Filter>
    </ClCompile>
    <ClCompile Include="EnhancedGideon.cpp">
      <Filter>AI</Filter>
    </ClCompile>
    <ClCompile Include="drudgepriest.cpp">
      <Filter>AI</Filter>
    </ClCompile>
    <ClCompile Include="DrudgeLord.cpp">
      <Filter>AI</Filter>
    </ClCompile>
    <ClCompile Include="DeathShroud.cpp">
      <Filter>AI</Filter>
    </ClCompile>
    <ClCompile Include="CultistAI.cpp">
      <Filter>AI</Filter>
    </ClCompile>
    <ClCompile Include="CivilianAI.cpp">
      <Filter>AI</Filter>
    </ClCompile>
    <ClCompile Include="AmmoPickups.cpp">
      <Filter>Source Files</Filter>
    </ClCompile>
    <ClCompile Include="Anim_Sound.cpp">
      <Filter>Source Files</Filter>
    </ClCompile>
    <ClCompile Include="B2BaseClass.cpp">
      <Filter>Source Files</Filter>
    </ClCompile>
    <ClCompile Include="BaseCharacter.cpp">
      <Filter>Source Files</Filter>
    </ClCompile>
    <ClCompile Include="BloodServerShell.cpp">
      <Filter>Source Files</Filter>
    </ClCompile>
    <ClCompile Include="BulletImpactSFX.cpp">
      <Filter>Source Files</Filter>
    </ClCompile>
    <ClCompile Include="CameraObj.cpp">
      <Filter>Source Files</Filter>
    </ClCompile>
    <ClCompile Include="CameraSpot.cpp">
      <Filter>Source Files</Filter>
    </ClCompile>
    <ClCompile Include="CinematicTrigger.cpp">
      <Filter>Source Files</Filter>
    </ClCompile>
    <ClCompile Include="clientbloodtrail.cpp">
      <Filter>Source Files</Filter>
    </ClCompile>
    <ClCompile Include="ClientCastLineSFX.cpp">
      <Filter>Source Files</Filter>
    </ClCompile>
    <ClCompile Include="clientdebugline.cpp">
      <Filter>Source Files</Filter>
    </ClCompile>
    <ClCompile Include="ClientExplosionSFX.cpp">
      <Filter>Source Files</Filter>
    </ClCompile>
    <ClCompile Include="ClientGibFX.cpp">
      <Filter>Source Files</Filter>
    </ClCompile>
    <ClCompile Include="ClientLaserBeamSFX.cpp">
      <Filter>Source Files</Filter>
    </ClCompile>
    <ClCompile Include="ClientLaserFX.cpp">
      <Filter>Source Files</Filter>
    </ClCompile>
    <ClCompile Include="ClientLightFX.cpp">
      <Filter>Source Files</Filter>
    </ClCompile>
    <ClCompile Include="ClientLightningSFX.cpp">
      <Filter>Source Files</Filter>
    </ClCompile>
    <ClCompile Include="ClientMarkSFX.cpp">
      <Filter>Source Files</Filter>
    </ClCompile>
    <ClCompile Include="ClientParticleStreamSFX.cpp">
      <Filter>Source Files</Filter>
    </ClCompile>
    <ClCompile Include="ClientSFX.cpp">
      <Filter>Source Files</Filter>
    </ClCompile>
    <ClCompile Include="ClientSmokeTrail.cpp">
      <Filter>Source Files</Filter>
    </ClCompile>
    <ClCompile Include="ClientSparksSFX.cpp">
      <Filter>Source Files</Filter>
    </ClCompile>
    <ClCompile Include="ClientSplashSFX.cpp">
      <Filter>Source Files</Filter>
    </ClCompile>
    <ClCompile Include="ClientSplatFX.cpp">
      <Filter>Source Files</Filter>
    </ClCompile>
    <ClCompile Include="ClientTracer.cpp">
      <Filter>Source Files</Filter>
    </ClCompile>
    <ClCompile Include="ClientWarpGateSFX.cpp">
      <Filter>Source Files</Filter>
    </ClCompile>
    <ClCompile Include="ClientWeaponSFX.cpp">
      <Filter>Source Files</Filter>
    </ClCompile>
    <ClCompile Include="ConversationTrigger.cpp">
      <Filter>Source Files</Filter>
    </ClCompile>
    <ClCompile Include="corpse.cpp">
      <Filter>Source Files</Filter>
    </ClCompile>
    <ClCompile Include="..\AppHeaders\cpp_engineobjects_de.cpp">
      <Filter>Source Files</Filter>
    </ClCompile>
    <ClCompile Include="Debris.cpp">
      <Filter>Source Files</Filter>
    </ClCompile>
    <ClCompile Include="Destructable.cpp">
      <Filter>Source Files</Filter>
    </ClCompile>
    <ClCompile Include="DestructableBrush.cpp">
      <Filter>Source Files</Filter>
    </ClCompile>
    <ClCompile Include="DestructableModel.cpp">
      <Filter>Source Files</Filter>
    </ClCompile>
    <ClCompile Include="DetailSprite.cpp">
      <Filter>Source Files</Filter>
    </ClCompile>
    <ClCompile Include="Door.cpp">
      <Filter>Source Files</Filter>
    </ClCompile>
    <ClCompile Include="ExitHint.cpp">
      <Filter>Source Files</Filter>
    </ClCompile>
    <ClCompile Include="ExitTrigger.cpp">
      <Filter>Source Files</Filter>
    </ClCompile>
    <ClCompile Include="Explosion.cpp">
      <Filter>Source Files</Filter>
    </ClCompile>
    <ClCompile Include="FireFX.cpp">
      <Filter>Source Files</Filter>
    </ClCompile>
    <ClCompile Include="FlagObjects.cpp">
      <Filter>Source Files</Filter>
    </ClCompile>
    <ClCompile Include="GameInvItems.cpp">
      <Filter>Source Files</Filter>
    </ClCompile>
    <ClCompile Include="GameProjectiles.cpp">
      <Filter>Source Files</Filter>
    </ClCompile>
    <ClCompile Include="GameStartPoint.cpp">
      <Filter>Source Files</Filter>
    </ClCompile>
    <ClCompile Include="GameWeapons.cpp">
      <Filter>Source Files</Filter>
    </ClCompile>
    <ClCompile Include="Gib.cpp">
      <Filter>Source Files</Filter>
    </ClCompile>
    <ClCompile Include="GooSplat.cpp">
      <Filter>Source Files</Filter>
    </ClCompile>
    <ClCompile Include="HandWeaponModel.cpp">
      <Filter>Source Files</Filter>
    </ClCompile>
    <ClCompile Include="Impacts.cpp">
      <Filter>Source Files</Filter>
    </ClCompile>
    <ClCompile Include="InventoryMgr.cpp">
      <Filter>Source Files</Filter>
    </ClCompile>
    <ClCompile Include="InvItem.cpp">
      <Filter>Source Files</Filter>
    </ClCompile>
    <ClCompile Include="ItemPickups.cpp">
      <Filter>Source Files</Filter>
    </ClCompile>
    <ClCompile Include="Key.cpp">
      <Filter>Source Files</Filter>
    </ClCompile>
    <ClCompile Include="KeyData.cpp">
      <Filter>Source Files</Filter>
    </ClCompile>
    <ClCompile Include="KeyFramer.cpp">
      <Filter>Source Files</Filter>
    </ClCompile>
    <ClCompile Include="LightFX.cpp">
      <Filter>Source Files</Filter>
    </ClCompile>
    <ClCompile Include="ModelObject.cpp">
      <Filter>Source Files</Filter>
    </ClCompile>
    <ClCompile Include="movement.cpp">
      <Filter>Source Files</Filter>
    </ClCompile>
    <ClCompile Include="Music.cpp">
      <Filter>Source Files</Filter>
    </ClCompile>
    <ClCompile Include="NagaCeilingDebris.cpp">
      <Filter>Source Files</Filter>
    </ClCompile>
    <ClCompile Include="ObjectivesTrigger.cpp">
      <Filter>Source Files</Filter>
    </ClCompile>
    <ClCompile Include="ObjectUtilities.cpp">
      <Filter>Source Files</Filter>
    </ClCompile>
    <ClCompile Include="ParticleSystem.cpp">
      <Filter>Source Files</Filter>
    </ClCompile>
    <ClCompile Include="PathListData.cpp">
      <Filter>Source Files</Filter>
    </ClCompile>
    <ClCompile Include="PathMgr.cpp">
      <Filter>Source Files</Filter>
    </ClCompile>
    <ClCompile Include="pathpoint.cpp">
      <Filter>Source Files</Filter>
    </ClCompile>
    <ClCompile Include="PickupObject.cpp">
      <Filter>Source Files</Filter>
    </ClCompile>
    <ClCompile Include="PlayerObj.cpp">
      <Filter>Source Files</Filter>
    </ClCompile>
    <ClCompile Include="PolyGrid.cpp">
      <Filter>Source Files</Filter>
    </ClCompile>
    <ClCompile Include="PowerupPickups.cpp">
      <Filter>Source Files</Filter>
    </ClCompile>
    <ClCompile Include="Projectile.cpp">
      <Filter>Source Files</Filter>
    </ClCompile>
    <ClCompile Include="Rain.cpp">
      <Filter>Source Files</Filter>
    </ClCompile>
    <ClCompile Include="RandomSoundFX.cpp">
      <Filter>Source Files</Filter>
    </ClCompile>
    <ClCompile Include="Rotating.cpp">
      <Filter>Source Files</Filter>
    </ClCompile>
    <ClCompile Include="RotatingBrush.cpp">
      <Filter>Source Files</Filter>
    </ClCompile>
    <ClCompile Include="RotatingDoor.cpp">
      <Filter>Source Files</Filter>
    </ClCompile>
    <ClCompile Include="RotatingModel.cpp">
      <Filter>Source Files</Filter>
    </ClCompile>
    <ClCompile Include="RotatingSprite.cpp">
      <Filter>Source Files</Filter>
    </ClCompile>
    <ClCompile Include="Script.cpp">
      <Filter>Source Files</Filter>
    </ClCompile>
    <ClCompile Include="SeeingEye.cpp">
      <Filter>Source Files</Filter>
    </ClCompile>
    <ClCompile Include="ShellCasing.cpp">
      <Filter>Source Files</Filter>
    </ClCompile>
    <ClCompile Include="SmellHint.cpp">
      <Filter>Source Files</Filter>
    </ClCompile>
    <ClCompile Include="SoccerObjects.cpp">
      <Filter>Source Files</Filter>
    </ClCompile>
    <ClCompile Include="SoundFX.cpp">
      <Filter>Source Files</Filter>
    </ClCompile>
    <ClCompile Include="Sparam.cpp">
      <Filter>Source Files</Filter>
    </ClCompile>
    <ClCompile Include="SparksObj.cpp">
      <Filter>Source Files</Filter>
    </ClCompile>
    <ClCompile Include="Spawner.cpp">
      <Filter>Source Files</Filter>
    </ClCompile>
    <ClCompile Include="Tchernotronic.cpp">
      <Filter>Source Files</Filter>
    </ClCompile>
    <ClCompile Include="..\Shared\TeamMgr.cpp">
      <Filter>Source Files</Filter>
    </ClCompile>
    <ClCompile Include="Trigger.cpp">
      <Filter>Source Files</Filter>
    </ClCompile>
    <ClCompile Include="TripLaser.cpp">
      <Filter>Source Files</Filter>
    </ClCompile>
    <ClCompile Include="ViewWeaponModel.cpp">
      <Filter>Source Files</Filter>
    </ClCompile>
    <ClCompile Include="VoiceMgr.cpp">
      <Filter>Source Files</Filter>
    </ClCompile>
    <ClCompile Include="VolumeBrush.cpp">
      <Filter>Source Files</Filter>
    </ClCompile>
    <ClCompile Include="VolumeBrushTypes.cpp">
      <Filter>Source Files</Filter>
    </ClCompile>
    <ClCompile Include="Weapon.cpp">
      <Filter>Source Files</Filter>
    </ClCompile>
    <ClCompile Include="..\Shared\WeaponDefs.cpp">
      <Filter>Source Files</Filter>
    </ClCompile>
    <ClCompile Include="WeaponPickups.cpp">
      <Filter>Source Files</Filter>
    </ClCompile>
    <ClCompile Include="WorldModelDebris.cpp">
      <Filter>Source Files</Filter>
    </ClCompile>
    <ClCompile Include="WorldProperties.cpp">
      <Filter>Source Files</Filter>
    </ClCompile>
    <ClCompile Include="WreckingBall.cpp">
      <Filter>Source Files</Filter>
    </ClCompile>
  </ItemGroup>
  <ItemGroup>
    <ClInclude Include="AI_Mgr.h">
      <Filter>AI</Filter>
    </ClInclude>
    <ClInclude Include="AI_Shared.h">
      <Filter>AI</Filter>
    </ClInclude>
    <ClInclude Include="AIScriptList.h">
      <Filter>AI</Filter>
    </ClInclude>
    <ClInclude Include="AncientOne.h">
      <Filter>AI</Filter>
    </ClInclude>
    <ClInclude Include="AncientOneTentacle.h">
      <Filter>AI</Filter>
    </ClInclude>
    <ClInclude Include="behemoth.h">
      <Filter>AI</Filter>
    </ClInclude>
    <ClInclude Include="boneleech.h">
      <Filter>AI</Filter>
    </ClInclude>
    <ClInclude Include="CalebAI.h">
      <Filter>AI</Filter>
    </ClInclude>
    <ClInclude Include="ZealotAI.h">
      <Filter>AI</Filter>
    </ClInclude>
    <ClInclude Include="UndeadGideon.h">
      <Filter>AI</Filter>
    </ClInclude>
    <ClInclude Include="thief.h">
      <Filter>AI</Filter>
    </ClInclude>
    <ClInclude Include="TheHandAI.h">
      <Filter>AI</Filter>
    </ClInclude>
    <ClInclude Include="SoulDrudge.h">
      <Filter>AI</Filter>
    </ClInclude>
    <ClInclude Include="ShikariAI.h">
      <Filter>AI</Filter>
    </ClInclude>
    <ClInclude Include="prophet.h">
      <Filter>AI</Filter>
    </ClInclude>
    <ClInclude Include="OpheliaREV.h">
      <Filter>AI</Filter>
    </ClInclude>
    <ClInclude Include="OpheliaAI.h">
      <Filter>AI</Filter>
    </ClInclude>
    <ClInclude Include="nightmare.h">
      <Filter>AI</Filter>
    </ClInclude>
    <ClInclude Include="Naga.h">
      <Filter>AI</Filter>
    </ClInclude>
    <ClInclude Include="MadScientistAI.h">
      <Filter>AI</Filter>
    </ClInclude>
    <ClInclude Include="IshmaelREV.h">
      <Filter>AI</Filter>
    </ClInclude>
    <ClInclude Include="IshmaelAI.h">
      <Filter>AI</Filter>
    </ClInclude>
    <ClInclude Include="Gremlin.h">
      <Filter>AI</Filter>
    </ClInclude>
    <ClInclude Include="Gideon.h">
      <Filter>AI</Filter>
    </ClInclude>
    <ClInclude Include="GabriellaREV.h">
      <Filter>AI</Filter>
    </ClInclude>
    <ClInclude Include="GabriellaAI.h">
      <Filter>AI</Filter>
    </ClInclude>
    <ClInclude Include="Fanatic.h">
      <Filter>AI</Filter>
    </ClInclude>
    <ClInclude Include="EnhancedGideon.h">
      <Filter>AI</Filter>
    </ClInclude>
    <ClInclude Include="drudgepriest.h">
      <Filter>AI</Filter>
    </ClInclude>
    <ClInclude Include="DrudgeLord.h">
      <Filter>AI</Filter>
    </ClInclude>
    <ClInclude Include="CultistAI.h">
      <Filter>AI</Filter>
    </ClInclude>
    <ClInclude Include="CivilianAI.h">
      <Filter>AI</Filter>
    </ClInclude>
    <ClInclude Include="AmmoPickups.h">
      <Filter>Header Files</Filter>
    </ClInclude>
    <ClInclude Include="Anim_Sound.h">
      <Filter>Header Files</Filter>
    </ClInclude>
    <ClInclude Include="B2BaseClass.h">
      <Filter>Header Files</Filter>
    </ClInclude>
    <ClInclude Include="BaseCharacter.h">
      <Filter>Header Files</Filter>
    </ClInclude>
    <ClInclude Include="BloodServerShell.h">
      <Filter>Header Files</Filter>
    </ClInclude>
    <ClInclude Include="BulletImpactSFX.h">
      <Filter>Header Files</Filter>
    </ClInclude>
    <ClInclude Include="CameraObj.h">
      <Filter>Header Files</Filter>
    </ClInclude>
    <ClInclude Include="CameraSpot.h">
      <Filter>Header Files</Filter>
    </ClInclude>
    <ClInclude Include="ChosenSounds.h">
      <Filter>Header Files</Filter>
    </ClInclude>
    <ClInclude Include="CinematicTrigger.h">
      <Filter>Header Files</Filter>
    </ClInclude>
    <ClInclude Include="clientbloodtrail.h">
      <Filter>Header Files</Filter>
    </ClInclude>
    <ClInclude Include="ClientCastLineSFX.h">
      <Filter>Header Files</Filter>
    </ClInclude>
    <ClInclude Include="ClientExplosionSFX.h">
      <Filter>Header Files</Filter>
    </ClInclude>
    <ClInclude Include="ClientLightFX.h">
      <Filter>Header Files</Filter>
    </ClInclude>
    <ClInclude Include="ClientSFX.h">
      <Filter>Header Files</Filter>
    </ClInclude>
    <ClInclude Include="ClientSplashSFX.h">
      <Filter>Header Files</Filter>
    </ClInclude>
    <ClInclude Include="clientdebugline.h">
      <Filter>Header Files</Filter>
    </ClInclude>
    <ClInclude Include="ClientGibFX.h">
      <Filter>Header Files</Filter>
    </ClInclude>
    <ClInclude Include="ClientLaserBeamSFX.h">
      <Filter>Header Files</Filter>
    </ClInclude>
    <ClInclude Include="ClientLaserFX.h">
      <Filter>Header Files</Filter>
    </ClInclude>
    <ClInclude Include="ClientLightningSFX.h">
      <Filter>Header Files</Filter>
    </ClInclude>
    <ClInclude Include="ClientMarkSFX.h">
      <Filter>Header Files</Filter>
    </ClInclude>
    <ClInclude Include="ClientParticleStreamSFX.h">
      <Filter>Header Files</Filter>
    </ClInclude>
    <ClInclude Include="ClientSmokeTrail.h">
      <Filter>Header Files</Filter>
    </ClInclude>
    <ClInclude Include="ClientSparksSFX.h">
      <Filter>Header Files</Filter>
    </ClInclude>
    <ClInclude Include="ClientSplatFX.h">
      <Filter>Header Files</Filter>
    </ClInclude>
    <ClInclude Include="ClientTracer.h">
      <Filter>Header Files</Filter>
    </ClInclude>
    <ClInclude Include="ClientWarpGateSFX.h">
      <Filter>Header Files</Filter>
    </ClInclude>
    <ClInclude Include="ClientWeaponSFX.h">
      <Filter>Header Files</Filter>
    </ClInclude>
    <ClInclude Include="ConversationStrings.h">
      <Filter>Header Files</Filter>
    </ClInclude>
    <ClInclude Include="ConversationTrigger.h">
      <Filter>Header Files</Filter>
    </ClInclude>
    <ClInclude Include="corpse.h">
      <Filter>Header Files</Filter>
    </ClInclude>
    <ClInclude Include="CVarTrack.h">
      <Filter>Header Files</Filter>
    </ClInclude>
    <ClInclude Include="DeathShroud.h">
      <Filter>Header Files</Filter>
    </ClInclude>
    <ClInclude Include="Debris.h">
      <Filter>Header Files</Filter>
    </ClInclude>
    <ClInclude Include="Destructable.h">
      <Filter>Header Files</Filter>
    </ClInclude>
    <ClInclude Include="DestructableBrush.h">
      <Filter>Header Files</Filter>
    </ClInclude>
    <ClInclude Include="DestructableModel.h">
      <Filter>Header Files</Filter>
    </ClInclude>
    <ClInclude Include="DetailSprite.h">
      <Filter>Header Files</Filter>
    </ClInclude>
    <ClInclude Include="Door.h">
      <Filter>Header Files</Filter>
    </ClInclude>
    <ClInclude Include="ExitHint.h">
      <Filter>Header Files</Filter>
    </ClInclude>
    <ClInclude Include="ExitTrigger.h">
      <Filter>Header Files</Filter>
    </ClInclude>
    <ClInclude Include="Explosion.h">
      <Filter>Header Files</Filter>
    </ClInclude>
    <ClInclude Include="FileCaching.h">
      <Filter>Header Files</Filter>
    </ClInclude>
    <ClInclude Include="FireFX.h">
      <Filter>Header Files</Filter>
    </ClInclude>
    <ClInclude Include="FlagObjects.h">
      <Filter>Header Files</Filter>
    </ClInclude>
    <ClInclude Include="GameInvItems.h">
      <Filter>Header Files</Filter>
    </ClInclude>
    <ClInclude Include="GameProjectiles.h">
      <Filter>Header Files</Filter>
    </ClInclude>
    <ClInclude Include="GameStartPoint.h">
      <Filter>Header Files</Filter>
    </ClInclude>
    <ClInclude Include="GameWeapons.h">
      <Filter>Header Files</Filter>
    </ClInclude>
    <ClInclude Include="Gib.h">
      <Filter>Header Files</Filter>
    </ClInclude>
    <ClInclude Include="GooSplat.h">
      <Filter>Header Files</Filter>
    </ClInclude>
    <ClInclude Include="HandWeaponModel.h">
      <Filter>Header Files</Filter>
    </ClInclude>
    <ClInclude Include="Impacts.h">
      <Filter>Header Files</Filter>
    </ClInclude>
    <ClInclude Include="InventoryMgr.h">
      <Filter>Header Files</Filter>
    </ClInclude>
    <ClInclude Include="InvItem.h">
      <Filter>Header Files</Filter>
    </ClInclude>
    <ClInclude Include="ItemPickups.h">
      <Filter>Header Files</Filter>
    </ClInclude>
    <ClInclude Include="Key.h">
      <Filter>Header Files</Filter>
    </ClInclude>
    <ClInclude Include="KeyData.h">
      <Filter>Header Files</Filter>
    </ClInclude>
    <ClInclude Include="KeyFramer.h">
      <Filter>Header Files</Filter>
    </ClInclude>
    <ClInclude Include="LightFX.h">
      <Filter>Header Files</Filter>
    </ClInclude>
    <ClInclude Include="ModelObject.h">
      <Filter>Header Files</Filter>
    </ClInclude>
    <ClInclude Include="movement.h">
      <Filter>Header Files</Filter>
    </ClInclude>
    <ClInclude Include="Music.h">
      <Filter>Header Files</Filter>
    </ClInclude>
    <ClInclude Include="NagaCeilingDebris.h">
      <Filter>Header Files</Filter>
    </ClInclude>
    <ClInclude Include="ObjectivesTrigger.h">
      <Filter>Header Files</Filter>
    </ClInclude>
    <ClInclude Include="ObjectUtilities.h">
      <Filter>Header Files</Filter>
    </ClInclude>
    <ClInclude Include="ParticleSystem.h">
      <Filter>Header Files</Filter>
    </ClInclude>
    <ClInclude Include="PathList.h">
      <Filter>Header Files</Filter>
    </ClInclude>
    <ClInclude Include="PathListData.h">
      <Filter>Header Files</Filter>
    </ClInclude>
    <ClInclude Include="PathMgr.h">
      <Filter>Header Files</Filter>
    </ClInclude>
    <ClInclude Include="pathpoint.h">
      <Filter>Header Files</Filter>
    </ClInclude>
    <ClInclude Include="PhysicalAttributes.h">
      <Filter>Header Files</Filter>
    </ClInclude>
    <ClInclude Include="PickupObject.h">
      <Filter>Header Files</Filter>
    </ClInclude>
    <ClInclude Include="PlayerObj.h">
      <Filter>Header Files</Filter>
    </ClInclude>
    <ClInclude Include="PolyGrid.h">
      <Filter>Header Files</Filter>
    </ClInclude>
    <ClInclude Include="PowerupPickups.h">
      <Filter>Header Files</Filter>
    </ClInclude>
    <ClInclude Include="Projectile.h">
      <Filter>Header Files</Filter>
    </ClInclude>
    <ClInclude Include="Rain.h">
      <Filter>Header Files</Filter>
    </ClInclude>
    <ClInclude Include="RandomSoundFX.h">
      <Filter>Header Files</Filter>
    </ClInclude>
    <ClInclude Include="Rotating.h">
      <Filter>Header Files</Filter>
    </ClInclude>
    <ClInclude Include="RotatingBrush.h">
      <Filter>Header Files</Filter>
    </ClInclude>
    <ClInclude Include="RotatingDoor.h">
      <Filter>Header Files</Filter>
    </ClInclude>
    <ClInclude Include="RotatingModel.h">
      <Filter>Header Files</Filter>
    </ClInclude>
    <ClInclude Include="RotatingSprite.h">
      <Filter>Header Files</Filter>
    </ClInclude>
    <ClInclude Include="Script.h">
      <Filter>Header Files</Filter>
    </ClInclude>
    <ClInclude Include="ScriptList.h">
      <Filter>Header Files</Filter>
    </ClInclude>
    <ClInclude Include="SeeingEye.h">
      <Filter>Header Files</Filter>
    </ClInclude>
    <ClInclude Include="ShellCasing.h">
      <Filter>Header Files</Filter>
    </ClInclude>
    <ClInclude Include="SmellHint.h">
      <Filter>Header Files</Filter>
    </ClInclude>
    <ClInclude Include="SoccerObjects.h">
      <Filter>Header Files</Filter>
    </ClInclude>
    <ClInclude Include="SoundFX.h">
      <Filter>Header Files</Filter>
    </ClInclude>
    <ClInclude Include="Sparam.h">
      <Filter>Header Files</Filter>
    </ClInclude>
    <ClInclude Include="SparksObj.h">
      <Filter>Header Files</Filter>
    </ClInclude>
    <ClInclude Include="Spawner.h">
      <Filter>Header Files</Filter>
    </ClInclude>
    <ClInclude Include="Tchernotronic.h">
      <Filter>Header Files</Filter>
    </ClInclude>
    <ClInclude Include="Trigger.h">
      <Filter>Header Files</Filter>
    </ClInclude>
    <ClInclude Include="TripLaser.h">
      <Filter>Header Files</Filter>
    </ClInclude>
    <ClInclude Include="ViewWeaponModel.h">
      <Filter>Header Files</Filter>
    </ClInclude>
    <ClInclude Include="VoiceMgr.h">
      <Filter>Header Files</Filter>
    </ClInclude>
    <ClInclude Include="VolumeBrush.h">
      <Filter>Header Files</Filter>
    </ClInclude>
    <ClInclude Include="VolumeBrushTypes.h">
      <Filter>Header Files</Filter>
    </ClInclude>
    <ClInclude Include="Weapon.h">
      <Filter>Header Files</Filter>
    </ClInclude>
    <ClInclude Include="WeaponPickups.h">
      <Filter>Header Files</Filter>
    </ClInclude>
    <ClInclude Include="WorldModelDebris.h">
      <Filter>Header Files</Filter>
    </ClInclude>
    <ClInclude Include="WreckingBall.h">
      <Filter>Header Files</Filter>
    </ClInclude>
  </ItemGroup>
  <ItemGroup>
    <Filter Include="AI">
      <UniqueIdentifier>{2fd428ec-2111-4498-b47f-11687b649d18}</UniqueIdentifier>
    </Filter>
    <Filter Include="Header Files">
      <UniqueIdentifier>{a91395fa-0e36-4d8e-aff1-8174c9fbad25}</UniqueIdentifier>
    </Filter>
    <Filter Include="Source Files">
      <UniqueIdentifier>{809951fe-dc9f-40e7-a716-090e6be4abff}</UniqueIdentifier>
    </Filter>
  </ItemGroup>
</Project>